
Microsoft Visual Studio Solution File, Format Version 12.00
Project("{FAE04EC0-301F-11D3-BF4B-00C04F79EFBC}") = "timeTable", "timeTable\timeTable.csproj", "{BF0420DE-1D8D-461C-86FD-5BEF27AB853C}"
EndProject
Project("{FAE04EC0-301F-11D3-BF4B-00C04F79EFBC}") = "Tests", "Tests\Tests.csproj", "{ED96E7D1-951E-4564-AE13-E40571CA21B8}"
EndProject
Global
	GlobalSection(SolutionConfigurationPlatforms) = preSolution
		Debug|Any CPU = Debug|Any CPU
		Release|Any CPU = Release|Any CPU
	EndGlobalSection
	GlobalSection(ProjectConfigurationPlatforms) = postSolution
		{BF0420DE-1D8D-461C-86FD-5BEF27AB853C}.Debug|Any CPU.ActiveCfg = Debug|Any CPU
		{BF0420DE-1D8D-461C-86FD-5BEF27AB853C}.Debug|Any CPU.Build.0 = Debug|Any CPU
		{BF0420DE-1D8D-461C-86FD-5BEF27AB853C}.Release|Any CPU.ActiveCfg = Release|Any CPU
		{BF0420DE-1D8D-461C-86FD-5BEF27AB853C}.Release|Any CPU.Build.0 = Release|Any CPU
		{ED96E7D1-951E-4564-AE13-E40571CA21B8}.Debug|Any CPU.ActiveCfg = Debug|Any CPU
		{ED96E7D1-951E-4564-AE13-E40571CA21B8}.Debug|Any CPU.Build.0 = Debug|Any CPU
		{ED96E7D1-951E-4564-AE13-E40571CA21B8}.Release|Any CPU.ActiveCfg = Release|Any CPU
		{ED96E7D1-951E-4564-AE13-E40571CA21B8}.Release|Any CPU.Build.0 = Release|Any CPU
	EndGlobalSection
EndGlobal
